PODS:
  - AFNetworking (2.6.3):
    - AFNetworking/NSURLConnection (= 2.6.3)
    - AFNetworking/NSURLSession (= 2.6.3)
    - AFNetworking/Reachability (= 2.6.3)
    - AFNetworking/Security (= 2.6.3)
    - AFNetworking/Serialization (= 2.6.3)
    - AFNetworking/UIKit (= 2.6.3)
  - AFNetworking/NSURLConnection (2.6.3):
    - AFNetworking/Reachability
    - AFNetworking/Security
    - AFNetworking/Serialization
  - AFNetworking/NSURLSession (2.6.3):
    - AFNetworking/Reachability
    - AFNetworking/Security
    - AFNetworking/Serialization
  - AFNetworking/Reachability (2.6.3)
  - AFNetworking/Security (2.6.3)
  - AFNetworking/Serialization (2.6.3)
  - AFNetworking/UIKit (2.6.3):
    - AFNetworking/NSURLConnection
    - AFNetworking/NSURLSession
  - BaiduMapKit (2.10.0)
  - CYLTableViewPlaceHolder (1.0.8)
  - IQKeyboardManager (3.3.7)
  - LxDBAnything (1.1.0)
  - MagicalRecord (2.0.8):
    - MagicalRecord/Core (= 2.0.8)
  - MagicalRecord/Core (2.0.8)
  - Masonry (0.6.4)
  - MJExtension (3.0.10)
  - MJRefresh (3.1.0)
  - pop (1.0.9)
  - ReactiveCocoa (2.5):
    - ReactiveCocoa/UI (= 2.5)
  - ReactiveCocoa/Core (2.5):
    - ReactiveCocoa/no-arc
  - ReactiveCocoa/no-arc (2.5)
  - ReactiveCocoa/UI (2.5):
    - ReactiveCocoa/Core
  - SDWebImage (3.7.5):
    - SDWebImage/Core (= 3.7.5)
  - SDWebImage/Core (3.7.5)
  - SVProgressHUD (0.9)

DEPENDENCIES:
  - AFNetworking (~> 2.6.3)
  - BaiduMapKit
  - CYLTableViewPlaceHolder (~> 1.0.8)
  - IQKeyboardManager
  - LxDBAnything
  - MagicalRecord (~> 2.0.4)
  - Masonry
  - MJExtension
  - MJRefresh
  - pop
  - ReactiveCocoa (~> 2.5)
  - SDWebImage
  - SVProgressHUD (~> 0.9)

SPEC CHECKSUMS:
  AFNetworking: cb8d14a848e831097108418f5d49217339d4eb60
  BaiduMapKit: 5df028c6b455d29e68e89694adbcf9d37a4bcc99
  CYLTableViewPlaceHolder: 44075c119aab78bbc514c75d771d6565e19938e8
  IQKeyboardManager: 249c3946acf61345c18b038eb50863fe2793e3a8
  LxDBAnything: 154a2ad1ae32e70355d886b5443260543bb60c71
  MagicalRecord: 28c192c3793db498022a0759f7f7fbe52b21ec2e
  Masonry: 281802d04d787ea2973179ee8bcb50500579ede2
  MJExtension: d86aacb740c87519d20e3cca55b6fa4be6cc7548
  MJRefresh: 743e6404967d1c2c688472ea3ecfde247d872db4
  pop: f667631a5108a2e60d9e8797c9b32ddaf2080bce
  ReactiveCocoa: e2db045570aa97c695e7aa97c2bcab222ae51f4a
  SDWebImage: 69c6303e3348fba97e03f65d65d4fbc26740f461
  SVProgressHUD: 7038ae9d6a0bd2c87560d2699eba642eef82d41e

COCOAPODS: 0.39.0
